{
  "name": "abnb-research-workbook-builds",
  "version": "0.1.0",
  "lockfileVersion": 3,
  "requires": true,
  "packages": {
    "": {
      "name": "abnb-research-workbook-builds",
      "version": "0.1.0",
      "engines": {
        "node": "24.19.0"
      },
      "peerDependencies": {
        "@oai/artifact-tool": "2.8.59"
      },
      "peerDependenciesMeta": {
        "@oai/artifact-tool": {
          "optional": true
        }
      }
    }
  }
}
